
Microsoft Visual Studio Solution File, Format Version 12.00
# Visual Studio Version 16
VisualStudioVersion = 16.0.32106.194
MinimumVisualStudioVersion = 10.0.40219.1
Project("{FAE04EC0-301F-11D3-BF4B-00C04F79EFBC}") = "MHR TU2 Fixer", "MHR TU2 Fixer\MHR TU2 Fixer.csproj", "{052F1D2B-5870-45D6-9843-15ECFF6BD789}"
EndProject
Global
	GlobalSection(SolutionConfigurationPlatforms) = preSolution
		Debug|Any CPU = Debug|Any CPU
		Release|Any CPU = Release|Any CPU
	EndGlobalSection
	GlobalSection(ProjectConfigurationPlatforms) = postSolution
		{052F1D2B-5870-45D6-9843-15ECFF6BD789}.Debug|Any CPU.ActiveCfg = Debug|Any CPU
		{052F1D2B-5870-45D6-9843-15ECFF6BD789}.Debug|Any CPU.Build.0 = Debug|Any CPU
		{052F1D2B-5870-45D6-9843-15ECFF6BD789}.Release|Any CPU.ActiveCfg = Release|Any CPU
		{052F1D2B-5870-45D6-9843-15ECFF6BD789}.Release|Any CPU.Build.0 = Release|Any CPU
	EndGlobalSection
	GlobalSection(SolutionProperties) = preSolution
		HideSolutionNode = FALSE
	EndGlobalSection
	GlobalSection(ExtensibilityGlobals) = postSolution
		SolutionGuid = {4A733574-72F9-4435-A579-E5E2515E0E8E}
	EndGlobalSection
EndGlobal
